<Solution>
  <Folder Name="/src/">
    <Project Path="src/Core/Core.csproj" />
    <Project Path="src/ModuleHost/ModuleHost.csproj" />
    <Project Path="src/WyreConnector/WyreConnector.csproj" />
  </Folder>
  <Folder Name="/tests/">
    <Project Path="tests/Architecture.Tests/Architecture.Tests.csproj" />
  </Folder>
</Solution>
